// !$*UTF8*$!
{
	archiveVersion = 1;
	classes = {
	};
	objectVersion = 50;
	objects = {

/* Begin PBXBuildFile section */
		9F24A5FF24B37FA9004D0300 /* UIViewController+Ext.swift in Sources */ = {isa = PBXBuildFile; fileRef = 9F24A5FE24B37FA9004D0300 /* UIViewController+Ext.swift */; };
		9F24A60624B3C41F004D0300 /* Follower.swift in Sources */ = {isa = PBXBuildFile; fileRef = 9F24A60524B3C41F004D0300 /* Follower.swift */; };
		9F24A60824B3C511004D0300 /* User.swift in Sources */ = {isa = PBXBuildFile; fileRef = 9F24A60724B3C511004D0300 /* User.swift */; };
		9F24A60B24B3CF9D004D0300 /* NetworkManager.swift in Sources */ = {isa = PBXBuildFile; fileRef = 9F24A60A24B3CF9D004D0300 /* NetworkManager.swift */; };
		9F24A60E24B418DA004D0300 /* ErrorMessage.swift in Sources */ = {isa = PBXBuildFile; fileRef = 9F24A60D24B418DA004D0300 /* ErrorMessage.swift */; };
		9F24A61124BA1214004D0300 /* FollowerCell.swift in Sources */ = {isa = PBXBuildFile; fileRef = 9F24A61024BA1214004D0300 /* FollowerCell.swift */; };
		9F24A61324BA13B6004D0300 /* GFAvatarImageView.swift in Sources */ = {isa = PBXBuildFile; fileRef = 9F24A61224BA13B6004D0300 /* GFAvatarImageView.swift */; };
		9F2B799824C3993E00AED05C /* UIHelper.swift in Sources */ = {isa = PBXBuildFile; fileRef = 9F2B799724C3993E00AED05C /* UIHelper.swift */; };
		9F441FE825142DF600868B75 /* GFItemInfoVC.swift in Sources */ = {isa = PBXBuildFile; fileRef = 9F441FE725142DF600868B75 /* GFItemInfoVC.swift */; };
		9F48DD4E24D32B150053D546 /* GFEmptyStateView.swift in Sources */ = {isa = PBXBuildFile; fileRef = 9F48DD4D24D32B150053D546 /* GFEmptyStateView.swift */; };
		9F532F89266BEC1300AD62AB /* Date+Ext.swift in Sources */ = {isa = PBXBuildFile; fileRef = 9F532F88266BEC1300AD62AB /* Date+Ext.swift */; };
		9F532F8B266BEC6000AD62AB /* String+Ext.swift in Sources */ = {isa = PBXBuildFile; fileRef = 9F532F8A266BEC6000AD62AB /* String+Ext.swift */; };
		9F62551E24FF27D30007C3F1 /* GFItemInfoView.swift in Sources */ = {isa = PBXBuildFile; fileRef = 9F62551D24FF27D30007C3F1 /* GFItemInfoView.swift */; };
		9F6E0D6224E87536000D2D0D /* UserInfoVC.swift in Sources */ = {isa = PBXBuildFile; fileRef = 9F6E0D6124E87536000D2D0D /* UserInfoVC.swift */; };
		9F6E0D8424ECA57B000D2D0D /* GFUserInfoHeaderVC.swift in Sources */ = {isa = PBXBuildFile; fileRef = 9F6E0D8324ECA57B000D2D0D /* GFUserInfoHeaderVC.swift */; };
		9F6E0D8624ECA707000D2D0D /* GFSecondaryTitleLabel.swift in Sources */ = {isa = PBXBuildFile; fileRef = 9F6E0D8524ECA707000D2D0D /* GFSecondaryTitleLabel.swift */; };
		9F6E0D8824ECB421000D2D0D /* Constants.swift in Sources */ = {isa = PBXBuildFile; fileRef = 9F6E0D8724ECB421000D2D0D /* Constants.swift */; };
		9F852E7124B145DB0064892B /* AppDelegate.swift in Sources */ = {isa = PBXBuildFile; fileRef = 9F852E7024B145DB0064892B /* AppDelegate.swift */; };
		9F852E7324B145DB0064892B /* SceneDelegate.swift in Sources */ = {isa = PBXBuildFile; fileRef = 9F852E7224B145DB0064892B /* SceneDelegate.swift */; };
		9F852E7A24B145DF0064892B /* Assets.xcassets in Resources */ = {isa = PBXBuildFile; fileRef = 9F852E7924B145DF0064892B /* Assets.xcassets */; };
		9F852E7D24B145DF0064892B /* LaunchScreen.storyboard in Resources */ = {isa = PBXBuildFile; fileRef = 9F852E7B24B145DF0064892B /* LaunchScreen.storyboard */; };
		9F852E8524B21B070064892B /* SearchVC.swift in Sources */ = {isa = PBXBuildFile; fileRef = 9F852E8424B21B070064892B /* SearchVC.swift */; };
		9F852E8724B21B8E0064892B /* FavoritesListVC.swift in Sources */ = {isa = PBXBuildFile; fileRef = 9F852E8624B21B8E0064892B /* FavoritesListVC.swift */; };
		9F852E8924B2608C0064892B /* GFButton.swift in Sources */ = {isa = PBXBuildFile; fileRef = 9F852E8824B2608C0064892B /* GFButton.swift */; };
		9F852E8B24B275A30064892B /* GFTextField.swift in Sources */ = {isa = PBXBuildFile; fileRef = 9F852E8A24B275A30064892B /* GFTextField.swift */; };
		9F852E8D24B29EA50064892B /* FollowerListVC.swift in Sources */ = {isa = PBXBuildFile; fileRef = 9F852E8C24B29EA50064892B /* FollowerListVC.swift */; };
		9F852E8F24B364F90064892B /* GFTitleLabel.swift in Sources */ = {isa = PBXBuildFile; fileRef = 9F852E8E24B364F90064892B /* GFTitleLabel.swift */; };
		9F852E9124B3670C0064892B /* GFBodyLabel.swift in Sources */ = {isa = PBXBuildFile; fileRef = 9F852E9024B3670C0064892B /* GFBodyLabel.swift */; };
		9F852E9324B36A680064892B /* GFAlertVC.swift in Sources */ = {isa = PBXBuildFile; fileRef = 9F852E9224B36A680064892B /* GFAlertVC.swift */; };
		9FFAE332265DAAF300FCFF37 /* GFRepoitemVC.swift in Sources */ = {isa = PBXBuildFile; fileRef = 9FFAE331265DAAF300FCFF37 /* GFRepoitemVC.swift */; };
		9FFAE334265DB39000FCFF37 /* GFFFollowerItemVC.swift in Sources */ = {isa = PBXBuildFile; fileRef = 9FFAE333265DB39000FCFF37 /* GFFFollowerItemVC.swift */; };
/* End PBXBuildFile section */

/* Begin PBXFileReference section */
		9F24A5FE24B37FA9004D0300 /* UIViewController+Ext.swift */ = {isa = PBXFileReference; lastKnownFileType = sourcecode.swift; path = "UIViewController+Ext.swift"; sourceTree = "<group>"; };
		9F24A60524B3C41F004D0300 /* Follower.swift */ = {isa = PBXFileReference; lastKnownFileType = sourcecode.swift; path = Follower.swift; sourceTree = "<group>"; };
		9F24A60724B3C511004D0300 /* User.swift */ = {isa = PBXFileReference; lastKnownFileType = sourcecode.swift; path = User.swift; sourceTree = "<group>"; };
		9F24A60A24B3CF9D004D0300 /* NetworkManager.swift */ = {isa = PBXFileReference; lastKnownFileType = sourcecode.swift; path = NetworkManager.swift; sourceTree = "<group>"; };
		9F24A60D24B418DA004D0300 /* ErrorMessage.swift */ = {isa = PBXFileReference; lastKnownFileType = sourcecode.swift; path = ErrorMessage.swift; sourceTree = "<group>"; };
		9F24A61024BA1214004D0300 /* FollowerCell.swift */ = {isa = PBXFileReference; lastKnownFileType = sourcecode.swift; path = FollowerCell.swift; sourceTree = "<group>"; };
		9F24A61224BA13B6004D0300 /* GFAvatarImageView.swift */ = {isa = PBXFileReference; lastKnownFileType = sourcecode.swift; path = GFAvatarImageView.swift; sourceTree = "<group>"; };
		9F2B799724C3993E00AED05C /* UIHelper.swift */ = {isa = PBXFileReference; lastKnownFileType = sourcecode.swift; path = UIHelper.swift; sourceTree = "<group>"; };
		9F441FE725142DF600868B75 /* GFItemInfoVC.swift */ = {isa = PBXFileReference; lastKnownFileType = sourcecode.swift; path = GFItemInfoVC.swift; sourceTree = "<group>"; };
		9F48DD4D24D32B150053D546 /* GFEmptyStateView.swift */ = {isa = PBXFileReference; lastKnownFileType = sourcecode.swift; path = GFEmptyStateView.swift; sourceTree = "<group>"; };
		9F532F88266BEC1300AD62AB /* Date+Ext.swift */ = {isa = PBXFileReference; lastKnownFileType = sourcecode.swift; path = "Date+Ext.swift"; sourceTree = "<group>"; };
		9F532F8A266BEC6000AD62AB /* String+Ext.swift */ = {isa = PBXFileReference; lastKnownFileType = sourcecode.swift; path = "String+Ext.swift"; sourceTree = "<group>"; };
		9F62551D24FF27D30007C3F1 /* GFItemInfoView.swift */ = {isa = PBXFileReference; lastKnownFileType = sourcecode.swift; path = GFItemInfoView.swift; sourceTree = "<group>"; };
		9F6E0D6124E87536000D2D0D /* UserInfoVC.swift */ = {isa = PBXFileReference; lastKnownFileType = sourcecode.swift; path = UserInfoVC.swift; sourceTree = "<group>"; };
		9F6E0D8324ECA57B000D2D0D /* GFUserInfoHeaderVC.swift */ = {isa = PBXFileReference; lastKnownFileType = sourcecode.swift; path = GFUserInfoHeaderVC.swift; sourceTree = "<group>"; };
		9F6E0D8524ECA707000D2D0D /* GFSecondaryTitleLabel.swift */ = {isa = PBXFileReference; lastKnownFileType = sourcecode.swift; path = GFSecondaryTitleLabel.swift; sourceTree = "<group>"; };
		9F6E0D8724ECB421000D2D0D /* Constants.swift */ = {isa = PBXFileReference; lastKnownFileType = sourcecode.swift; path = Constants.swift; sourceTree = "<group>"; };
		9F852E6D24B145DB0064892B /* GitHubFollowers.app */ = {isa = PBXFileReference; explicitFileType = wrapper.application; includeInIndex = 0; path = GitHubFollowers.app; sourceTree = BUILT_PRODUCTS_DIR; };
		9F852E7024B145DB0064892B /* AppDelegate.swift */ = {isa = PBXFileReference; lastKnownFileType = sourcecode.swift; path = AppDelegate.swift; sourceTree = "<group>"; };
		9F852E7224B145DB0064892B /* SceneDelegate.swift */ = {isa = PBXFileReference; lastKnownFileType = sourcecode.swift; path = SceneDelegate.swift; sourceTree = "<group>"; };
		9F852E7924B145DF0064892B /* Assets.xcassets */ = {isa = PBXFileReference; lastKnownFileType = folder.assetcatalog; path = Assets.xcassets; sourceTree = "<group>"; };
		9F852E7C24B145DF0064892B /* Base */ = {isa = PBXFileReference; lastKnownFileType = file.storyboard; name = Base; path = Base.lproj/LaunchScreen.storyboard; sourceTree = "<group>"; };
		9F852E7E24B145DF0064892B /* Info.plist */ = {isa = PBXFileReference; lastKnownFileType = text.plist.xml; path = Info.plist; sourceTree = "<group>"; };
		9F852E8424B21B070064892B /* SearchVC.swift */ = {isa = PBXFileReference; lastKnownFileType = sourcecode.swift; path = SearchVC.swift; sourceTree = "<group>"; };
		9F852E8624B21B8E0064892B /* FavoritesListVC.swift */ = {isa = PBXFileReference; lastKnownFileType = sourcecode.swift; path = FavoritesListVC.swift; sourceTree = "<group>"; };
		9F852E8824B2608C0064892B /* GFButton.swift */ = {isa = PBXFileReference; lastKnownFileType = sourcecode.swift; path = GFButton.swift; sourceTree = "<group>"; };
		9F852E8A24B275A30064892B /* GFTextField.swift */ = {isa = PBXFileReference; lastKnownFileType = sourcecode.swift; path = GFTextField.swift; sourceTree = "<group>"; };
		9F852E8C24B29EA50064892B /* FollowerListVC.swift */ = {isa = PBXFileReference; lastKnownFileType = sourcecode.swift; path = FollowerListVC.swift; sourceTree = "<group>"; };
		9F852E8E24B364F90064892B /* GFTitleLabel.swift */ = {isa = PBXFileReference; lastKnownFileType = sourcecode.swift; path = GFTitleLabel.swift; sourceTree = "<group>"; };
		9F852E9024B3670C0064892B /* GFBodyLabel.swift */ = {isa = PBXFileReference; lastKnownFileType = sourcecode.swift; path = GFBodyLabel.swift; sourceTree = "<group>"; };
		9F852E9224B36A680064892B /* GFAlertVC.swift */ = {isa = PBXFileReference; lastKnownFileType = sourcecode.swift; path = GFAlertVC.swift; sourceTree = "<group>"; };
		9FFAE331265DAAF300FCFF37 /* GFRepoitemVC.swift */ = {isa = PBXFileReference; lastKnownFileType = sourcecode.swift; path = GFRepoitemVC.swift; sourceTree = "<group>"; };
		9FFAE333265DB39000FCFF37 /* GFFFollowerItemVC.swift */ = {isa = PBXFileReference; lastKnownFileType = sourcecode.swift; path = GFFFollowerItemVC.swift; sourceTree = "<group>"; };
/* End PBXFileReference section */

/* Begin PBXFrameworksBuildPhase section */
		9F852E6A24B145DB0064892B /* Frameworks */ = {
			isa = PBXFrameworksBuildPhase;
			buildActionMask = 2147483647;
			files = (
			);
			runOnlyForDeploymentPostprocessing = 0;
		};
/* End PBXFrameworksBuildPhase section */

/* Begin PBXGroup section */
		9F24A60024B38CD7004D0300 /* Screens */ = {
			isa = PBXGroup;
			children = (
				9F852E8C24B29EA50064892B /* FollowerListVC.swift */,
				9F6E0D6124E87536000D2D0D /* UserInfoVC.swift */,
				9F532F88266BEC1300AD62AB /* Date+Ext.swift */,
				9F532F8A266BEC6000AD62AB /* String+Ext.swift */,
				9F852E8624B21B8E0064892B /* FavoritesListVC.swift */,
				9F852E8424B21B070064892B /* SearchVC.swift */,
				9F852E9224B36A680064892B /* GFAlertVC.swift */,
			);
			path = Screens;
			sourceTree = "<group>";
		};
		9F24A60124B38D4F004D0300 /* Custom Views */ = {
			isa = PBXGroup;
			children = (
				9F48DD4C24D32AA00053D546 /* Labels */,
				9F48DD4B24D32A570053D546 /* ViewControllers */,
				9F48DD4A24D32A2E0053D546 /* ImageViews */,
				9F48DD4924D32A260053D546 /* TextFields */,
				9F48DD4824D32A210053D546 /* Buttons */,
				9F48DD4724D32A1C0053D546 /* Views */,
				9F24A60F24BA11CE004D0300 /* Cells */,
			);
			path = "Custom Views";
			sourceTree = "<group>";
		};
		9F24A60224B38DB8004D0300 /* Extension */ = {
			isa = PBXGroup;
			children = (
				9F24A5FE24B37FA9004D0300 /* UIViewController+Ext.swift */,
			);
			path = Extension;
			sourceTree = "<group>";
		};
		9F24A60324B38E22004D0300 /* Support */ = {
			isa = PBXGroup;
			children = (
				9F852E7024B145DB0064892B /* AppDelegate.swift */,
				9F852E7224B145DB0064892B /* SceneDelegate.swift */,
				9F852E7924B145DF0064892B /* Assets.xcassets */,
				9F852E7B24B145DF0064892B /* LaunchScreen.storyboard */,
				9F852E7E24B145DF0064892B /* Info.plist */,
			);
			path = Support;
			sourceTree = "<group>";
		};
		9F24A60424B3C403004D0300 /* Model */ = {
			isa = PBXGroup;
			children = (
				9F24A60524B3C41F004D0300 /* Follower.swift */,
				9F24A60724B3C511004D0300 /* User.swift */,
			);
			path = Model;
			sourceTree = "<group>";
		};
		9F24A60924B3CF75004D0300 /* Managers */ = {
			isa = PBXGroup;
			children = (
				9F24A60A24B3CF9D004D0300 /* NetworkManager.swift */,
			);
			path = Managers;
			sourceTree = "<group>";
		};
		9F24A60C24B418B0004D0300 /* Utitlites */ = {
			isa = PBXGroup;
			children = (
				9F24A60D24B418DA004D0300 /* ErrorMessage.swift */,
				9F2B799724C3993E00AED05C /* UIHelper.swift */,
				9F6E0D8724ECB421000D2D0D /* Constants.swift */,
			);
			path = Utitlites;
			sourceTree = "<group>";
		};
		9F24A60F24BA11CE004D0300 /* Cells */ = {
			isa = PBXGroup;
			children = (
				9F24A61024BA1214004D0300 /* FollowerCell.swift */,
			);
			path = Cells;
			sourceTree = "<group>";
		};
		9F48DD4724D32A1C0053D546 /* Views */ = {
			isa = PBXGroup;
			children = (
				9F48DD4D24D32B150053D546 /* GFEmptyStateView.swift */,
				9F62551D24FF27D30007C3F1 /* GFItemInfoView.swift */,
			);
			path = Views;
			sourceTree = "<group>";
		};
		9F48DD4824D32A210053D546 /* Buttons */ = {
			isa = PBXGroup;
			children = (
				9F852E8824B2608C0064892B /* GFButton.swift */,
			);
			path = Buttons;
			sourceTree = "<group>";
		};
		9F48DD4924D32A260053D546 /* TextFields */ = {
			isa = PBXGroup;
			children = (
				9F852E8A24B275A30064892B /* GFTextField.swift */,
			);
			path = TextFields;
			sourceTree = "<group>";
		};
		9F48DD4A24D32A2E0053D546 /* ImageViews */ = {
			isa = PBXGroup;
			children = (
				9F24A61224BA13B6004D0300 /* GFAvatarImageView.swift */,
			);
			path = ImageViews;
			sourceTree = "<group>";
		};
		9F48DD4B24D32A570053D546 /* ViewControllers */ = {
			isa = PBXGroup;
			children = (
				9F6E0D8324ECA57B000D2D0D /* GFUserInfoHeaderVC.swift */,
				9F441FE725142DF600868B75 /* GFItemInfoVC.swift */,
				9FFAE331265DAAF300FCFF37 /* GFRepoitemVC.swift */,
				9FFAE333265DB39000FCFF37 /* GFFFollowerItemVC.swift */,
			);
			path = ViewControllers;
			sourceTree = "<group>";
		};
		9F48DD4C24D32AA00053D546 /* Labels */ = {
			isa = PBXGroup;
			children = (
				9F852E8E24B364F90064892B /* GFTitleLabel.swift */,
				9F852E9024B3670C0064892B /* GFBodyLabel.swift */,
				9F6E0D8524ECA707000D2D0D /* GFSecondaryTitleLabel.swift */,
			);
			path = Labels;
			sourceTree = "<group>";
		};
		9F852E6424B145DB0064892B = {
			isa = PBXGroup;
			children = (
				9F852E6F24B145DB0064892B /* GitHubFollowers */,
				9F852E6E24B145DB0064892B /* Products */,
			);
			sourceTree = "<group>";
		};
		9F852E6E24B145DB0064892B /* Products */ = {
			isa = PBXGroup;
			children = (
				9F852E6D24B145DB0064892B /* GitHubFollowers.app */,
			);
			name = Products;
			sourceTree = "<group>";
		};
		9F852E6F24B145DB0064892B /* GitHubFollowers */ = {
			isa = PBXGroup;
			children = (
				9F24A60C24B418B0004D0300 /* Utitlites */,
				9F24A60924B3CF75004D0300 /* Managers */,
				9F24A60424B3C403004D0300 /* Model */,
				9F24A60324B38E22004D0300 /* Support */,
				9F24A60224B38DB8004D0300 /* Extension */,
				9F24A60124B38D4F004D0300 /* Custom Views */,
				9F24A60024B38CD7004D0300 /* Screens */,
			);
			path = GitHubFollowers;
			sourceTree = "<group>";
		};
/* End PBXGroup section */

/* Begin PBXNativeTarget section */
		9F852E6C24B145DB0064892B /* GitHubFollowers */ = {
			isa = PBXNativeTarget;
			buildConfigurationList = 9F852E8124B145DF0064892B /* Build configuration list for PBXNativeTarget "GitHubFollowers" */;
			buildPhases = (
				9F852E6924B145DB0064892B /* Sources */,
				9F852E6A24B145DB0064892B /* Frameworks */,
				9F852E6B24B145DB0064892B /* Resources */,
			);
			buildRules = (
			);
			dependencies = (
			);
			name = GitHubFollowers;
			productName = GitHubFollowers;
			productReference = 9F852E6D24B145DB0064892B /* GitHubFollowers.app */;
			productType = "com.apple.product-type.application";
		};
/* End PBXNativeTarget section */

/* Begin PBXProject section */
		9F852E6524B145DB0064892B /* Project object */ = {
			isa = PBXProject;
			attributes = {
				LastSwiftUpdateCheck = 1150;
				LastUpgradeCheck = 1250;
				ORGANIZATIONNAME = AsapInc;
				TargetAttributes = {
					9F852E6C24B145DB0064892B = {
						CreatedOnToolsVersion = 11.5;
					};
				};
			};
			buildConfigurationList = 9F852E6824B145DB0064892B /* Build configuration list for PBXProject "GitHubFollowers" */;
			compatibilityVersion = "Xcode 9.3";
			developmentRegion = en;
			hasScannedForEncodings = 0;
			knownRegions = (
				en,
				Base,
			);
			mainGroup = 9F852E6424B145DB0064892B;
			productRefGroup = 9F852E6E24B145DB0064892B /* Products */;
			projectDirPath = "";
			projectRoot = "";
			targets = (
				9F852E6C24B145DB0064892B /* GitHubFollowers */,
			);
		};
/* End PBXProject section */

/* Begin PBXResourcesBuildPhase section */
		9F852E6B24B145DB0064892B /* Resources */ = {
			isa = PBXResourcesBuildPhase;
			buildActionMask = 2147483647;
			files = (
				9F852E7D24B145DF0064892B /* LaunchScreen.storyboard in Resources */,
				9F852E7A24B145DF0064892B /* Assets.xcassets in Resources */,
			);
			runOnlyForDeploymentPostprocessing = 0;
		};
/* End PBXResourcesBuildPhase section */

/* Begin PBXSourcesBuildPhase section */
		9F852E6924B145DB0064892B /* Sources */ = {
			isa = PBXSourcesBuildPhase;
			buildActionMask = 2147483647;
			files = (
				9F24A60824B3C511004D0300 /* User.swift in Sources */,
				9F852E8B24B275A30064892B /* GFTextField.swift in Sources */,
				9F24A60B24B3CF9D004D0300 /* NetworkManager.swift in Sources */,
				9F532F8B266BEC6000AD62AB /* String+Ext.swift in Sources */,
				9F852E8724B21B8E0064892B /* FavoritesListVC.swift in Sources */,
				9F852E8924B2608C0064892B /* GFButton.swift in Sources */,
				9F2B799824C3993E00AED05C /* UIHelper.swift in Sources */,
				9F441FE825142DF600868B75 /* GFItemInfoVC.swift in Sources */,
				9F6E0D8824ECB421000D2D0D /* Constants.swift in Sources */,
				9F24A61324BA13B6004D0300 /* GFAvatarImageView.swift in Sources */,
				9F24A5FF24B37FA9004D0300 /* UIViewController+Ext.swift in Sources */,
				9F852E8524B21B070064892B /* SearchVC.swift in Sources */,
				9F62551E24FF27D30007C3F1 /* GFItemInfoView.swift in Sources */,
				9F24A61124BA1214004D0300 /* FollowerCell.swift in Sources */,
				9F24A60E24B418DA004D0300 /* ErrorMessage.swift in Sources */,
				9F6E0D8424ECA57B000D2D0D /* GFUserInfoHeaderVC.swift in Sources */,
				9F852E9324B36A680064892B /* GFAlertVC.swift in Sources */,
				9F852E9124B3670C0064892B /* GFBodyLabel.swift in Sources */,
				9F24A60624B3C41F004D0300 /* Follower.swift in Sources */,
				9FFAE332265DAAF300FCFF37 /* GFRepoitemVC.swift in Sources */,
				9F532F89266BEC1300AD62AB /* Date+Ext.swift in Sources */,
				9F6E0D8624ECA707000D2D0D /* GFSecondaryTitleLabel.swift in Sources */,
				9F48DD4E24D32B150053D546 /* GFEmptyStateView.swift in Sources */,
				9F852E8D24B29EA50064892B /* FollowerListVC.swift in Sources */,
				9FFAE334265DB39000FCFF37 /* GFFFollowerItemVC.swift in Sources */,
				9F852E8F24B364F90064892B /* GFTitleLabel.swift in Sources */,
				9F852E7124B145DB0064892B /* AppDelegate.swift in Sources */,
				9F852E7324B145DB0064892B /* SceneDelegate.swift in Sources */,
				9F6E0D6224E87536000D2D0D /* UserInfoVC.swift in Sources */,
			);
			runOnlyForDeploymentPostprocessing = 0;
		};
/* End PBXSourcesBuildPhase section */

/* Begin PBXVariantGroup section */
		9F852E7B24B145DF0064892B /* LaunchScreen.storyboard */ = {
			isa = PBXVariantGroup;
			children = (
				9F852E7C24B145DF0064892B /* Base */,
			);
			name = LaunchScreen.storyboard;
			sourceTree = "<group>";
		};
/* End PBXVariantGroup section */

/* Begin XCBuildConfiguration section */
		9F852E7F24B145DF0064892B /* Debug */ = {
			isa = XCBuildConfiguration;
			buildSettings = {
				ALWAYS_SEARCH_USER_PATHS = NO;
				CLANG_ANALYZER_NONNULL = YES;
				CLANG_ANALYZER_NUMBER_OBJECT_CONVERSION = YES_AGGRESSIVE;
				CLANG_CXX_LANGUAGE_STANDARD = "gnu++14";
				CLANG_CXX_LIBRARY = "libc++";
				CLANG_ENABLE_MODULES = YES;
				CLANG_ENABLE_OBJC_ARC = YES;
				CLANG_ENABLE_OBJC_WEAK = YES;
				CLANG_WARN_BLOCK_CAPTURE_AUTORELEASING = YES;
				CLANG_WARN_BOOL_CONVERSION = YES;
				CLANG_WARN_COMMA = YES;
				CLANG_WARN_CONSTANT_CONVERSION = YES;
				CLANG_WARN_DEPRECATED_OBJC_IMPLEMENTATIONS = YES;
				CLANG_WARN_DIRECT_OBJC_ISA_USAGE = YES_ERROR;
				CLANG_WARN_DOCUMENTATION_COMMENTS = YES;
				CLANG_WARN_EMPTY_BODY = YES;
				CLANG_WARN_ENUM_CONVERSION = YES;
				CLANG_WARN_INFINITE_RECURSION = YES;
				CLANG_WARN_INT_CONVERSION = YES;
				CLANG_WARN_NON_LITERAL_NULL_CONVERSION = YES;
				CLANG_WARN_OBJC_IMPLICIT_RETAIN_SELF = YES;
				CLANG_WARN_OBJC_LITERAL_CONVERSION = YES;
				CLANG_WARN_OBJC_ROOT_CLASS = YES_ERROR;
				CLANG_WARN_QUOTED_INCLUDE_IN_FRAMEWORK_HEADER = YES;
				CLANG_WARN_RANGE_LOOP_ANALYSIS = YES;
				CLANG_WARN_STRICT_PROTOTYPES = YES;
				CLANG_WARN_SUSPICIOUS_MOVE = YES;
				CLANG_WARN_UNGUARDED_AVAILABILITY = YES_AGGRESSIVE;
				CLANG_WARN_UNREACHABLE_CODE = YES;
				CLANG_WARN__DUPLICATE_METHOD_MATCH = YES;
				COPY_PHASE_STRIP = NO;
				DEBUG_INFORMATION_FORMAT = dwarf;
				ENABLE_STRICT_OBJC_MSGSEND = YES;
				ENABLE_TESTABILITY = YES;
				GCC_C_LANGUAGE_STANDARD = gnu11;
				GCC_DYNAMIC_NO_PIC = NO;
				GCC_NO_COMMON_BLOCKS = YES;
				GCC_OPTIMIZATION_LEVEL = 0;
				GCC_PREPROCESSOR_DEFINITIONS = (
					"DEBUG=1",
					"$(inherited)",
				);
				GCC_WARN_64_TO_32_BIT_CONVERSION = YES;
				GCC_WARN_ABOUT_RETURN_TYPE = YES_ERROR;
				GCC_WARN_UNDECLARED_SELECTOR = YES;
				GCC_WARN_UNINITIALIZED_AUTOS = YES_AGGRESSIVE;
				GCC_WARN_UNUSED_FUNCTION = YES;
				GCC_WARN_UNUSED_VARIABLE = YES;
				IPHONEOS_DEPLOYMENT_TARGET = 13.5;
				MTL_ENABLE_DEBUG_INFO = INCLUDE_SOURCE;
				MTL_FAST_MATH = YES;
				ONLY_ACTIVE_ARCH = YES;
				SDKROOT = iphoneos;
				SWIFT_ACTIVE_COMPILATION_CONDITIONS = DEBUG;
				SWIFT_OPTIMIZATION_LEVEL = "-Onone";
			};
			name = Debug;
		};
		9F852E8024B145DF0064892B /* Release */ = {
			isa = XCBuildConfiguration;
			buildSettings = {
				ALWAYS_SEARCH_USER_PATHS = NO;
				CLANG_ANALYZER_NONNULL = YES;
				CLANG_ANALYZER_NUMBER_OBJECT_CONVERSION = YES_AGGRESSIVE;
				CLANG_CXX_LANGUAGE_STANDARD = "gnu++14";
				CLANG_CXX_LIBRARY = "libc++";
				CLANG_ENABLE_MODULES = YES;
				CLANG_ENABLE_OBJC_ARC = YES;
				CLANG_ENABLE_OBJC_WEAK = YES;
				CLANG_WARN_BLOCK_CAPTURE_AUTORELEASING = YES;
				CLANG_WARN_BOOL_CONVERSION = YES;
				CLANG_WARN_COMMA = YES;
				CLANG_WARN_CONSTANT_CONVERSION = YES;
				CLANG_WARN_DEPRECATED_OBJC_IMPLEMENTATIONS = YES;
				CLANG_WARN_DIRECT_OBJC_ISA_USAGE = YES_ERROR;
				CLANG_WARN_DOCUMENTATION_COMMENTS = YES;
				CLANG_WARN_EMPTY_BODY = YES;
				CLANG_WARN_ENUM_CONVERSION = YES;
				CLANG_WARN_INFINITE_RECURSION = YES;
				CLANG_WARN_INT_CONVERSION = YES;
				CLANG_WARN_NON_LITERAL_NULL_CONVERSION = YES;
				CLANG_WARN_OBJC_IMPLICIT_RETAIN_SELF = YES;
				CLANG_WARN_OBJC_LITERAL_CONVERSION = YES;
				CLANG_WARN_OBJC_ROOT_CLASS = YES_ERROR;
				CLANG_WARN_QUOTED_INCLUDE_IN_FRAMEWORK_HEADER = YES;
				CLANG_WARN_RANGE_LOOP_ANALYSIS = YES;
				CLANG_WARN_STRICT_PROTOTYPES = YES;
				CLANG_WARN_SUSPICIOUS_MOVE = YES;
				CLANG_WARN_UNGUARDED_AVAILABILITY = YES_AGGRESSIVE;
				CLANG_WARN_UNREACHABLE_CODE = YES;
				CLANG_WARN__DUPLICATE_METHOD_MATCH = YES;
				COPY_PHASE_STRIP = NO;
				DEBUG_INFORMATION_FORMAT = "dwarf-with-dsym";
				ENABLE_NS_ASSERTIONS = NO;
				ENABLE_STRICT_OBJC_MSGSEND = YES;
				GCC_C_LANGUAGE_STANDARD = gnu11;
				GCC_NO_COMMON_BLOCKS = YES;
				GCC_WARN_64_TO_32_BIT_CONVERSION = YES;
				GCC_WARN_ABOUT_RETURN_TYPE = YES_ERROR;
				GCC_WARN_UNDECLARED_SELECTOR = YES;
				GCC_WARN_UNINITIALIZED_AUTOS = YES_AGGRESSIVE;
				GCC_WARN_UNUSED_FUNCTION = YES;
				GCC_WARN_UNUSED_VARIABLE = YES;
				IPHONEOS_DEPLOYMENT_TARGET = 13.5;
				MTL_ENABLE_DEBUG_INFO = NO;
				MTL_FAST_MATH = YES;
				SDKROOT = iphoneos;
				SWIFT_COMPILATION_MODE = wholemodule;
				SWIFT_OPTIMIZATION_LEVEL = "-O";
				VALIDATE_PRODUCT = YES;
			};
			name = Release;
		};
		9F852E8224B145DF0064892B /* Debug */ = {
			isa = XCBuildConfiguration;
			buildSettings = {
				ASSETCATALOG_COMPILER_APPICON_NAME = AppIcon;
				CODE_SIGN_STYLE = Automatic;
				DEVELOPMENT_TEAM = B8RKBX27PK;
				INFOPLIST_FILE = /Users/robertjeffers/Documents/AppDevelopment/GitHubFollowers/GitHubFollowers/Support/Info.plist;
				LD_RUNPATH_SEARCH_PATHS = (
					"$(inherited)",
					"@executable_path/Frameworks",
				);
				PRODUCT_BUNDLE_IDENTIFIER = views.GitHubFollowers;
				PRODUCT_NAME = "$(TARGET_NAME)";
				SWIFT_VERSION = 5.0;
				TARGETED_DEVICE_FAMILY = 1;
			};
			name = Debug;
		};
		9F852E8324B145DF0064892B /* Release */ = {
			isa = XCBuildConfiguration;
			buildSettings = {
				ASSETCATALOG_COMPILER_APPICON_NAME = AppIcon;
				CODE_SIGN_STYLE = Automatic;
				DEVELOPMENT_TEAM = B8RKBX27PK;
				INFOPLIST_FILE = /Users/robertjeffers/Documents/AppDevelopment/GitHubFollowers/GitHubFollowers/Support/Info.plist;
				LD_RUNPATH_SEARCH_PATHS = (
					"$(inherited)",
					"@executable_path/Frameworks",
				);
				PRODUCT_BUNDLE_IDENTIFIER = views.GitHubFollowers;
				PRODUCT_NAME = "$(TARGET_NAME)";
				SWIFT_VERSION = 5.0;
				TARGETED_DEVICE_FAMILY = 1;
			};
			name = Release;
		};
/* End XCBuildConfiguration section */

/* Begin XCConfigurationList section */
		9F852E6824B145DB0064892B /* Build configuration list for PBXProject "GitHubFollowers" */ = {
			isa = XCConfigurationList;
			buildConfigurations = (
				9F852E7F24B145DF0064892B /* Debug */,
				9F852E8024B145DF0064892B /* Release */,
			);
			defaultConfigurationIsVisible = 0;
			defaultConfigurationName = Release;
		};
		9F852E8124B145DF0064892B /* Build configuration list for PBXNativeTarget "GitHubFollowers" */ = {
			isa = XCConfigurationList;
			buildConfigurations = (
				9F852E8224B145DF0064892B /* Debug */,
				9F852E8324B145DF0064892B /* Release */,
			);
			defaultConfigurationIsVisible = 0;
			defaultConfigurationName = Release;
		};
/* End XCConfigurationList section */
	};
	rootObject = 9F852E6524B145DB0064892B /* Project object */;
}
